{
  "name": "lesson2",
  "version": "1.0.0",
  "lockfileVersion": 2,
  "requires": true,
  "packages": {
    "": {
      "name": "lesson2",
      "version": "1.0.0",
      "license": "ISC",
      "dependencies": {
        "maath": "^0.10.7"
      },
      "devDependencies": {
        "prettier-plugin-tailwindcss": "^0.5.11"
      }
    },
    "node_modules/@tweenjs/tween.js": {
      "version": "23.1.1",
      "resolved": "https://registry.npmjs.org/@tweenjs/tween.js/-/tween.js-23.1.1.tgz",
      "integrity": "sha512-ZpboH7pCPPeyBWKf8c7TJswtCEQObFo3bOBYalm99NzZarATALYCo5OhbCa/n4RQyJyHfhkdx+hNrdL5ByFYDw==",
      "peer": true
    },
    "node_modules/@types/stats.js": {
      "version": "0.17.3",
      "resolved": "https://registry.npmjs.org/@types/stats.js/-/stats.js-0.17.3.tgz",
      "integrity": "sha512-pXNfAD3KHOdif9EQXZ9deK82HVNaXP5ZIF5RP2QG6OQFNTaY2YIetfrE9t528vEreGQvEPRDDc8muaoYeK0SxQ==",
      "peer": true
    },
    "node_modules/@types/three": {
      "version": "0.162.0",
      "resolved": "https://registry.npmjs.org/@types/three/-/three-0.162.0.tgz",
      "integrity": "sha512-0j5yZcVukVIhrhSIC7+LmBPkkMoMuEJ1AfYBZfgNytdYqYREMuiyXWhYOMeZLBElTEAlJIZn7r2W3vqTIgjWlg==",
      "peer": true,
      "dependencies": {
        "@tweenjs/tween.js": "~23.1.1",
        "@types/stats.js": "*",
        "@types/webxr": "*",
        "fflate": "~0.6.10",
        "meshoptimizer": "~0.18.1"
      }
    },
    "node_modules/@types/webxr": {
      "version": "0.5.14",
      "resolved": "https://registry.npmjs.org/@types/webxr/-/webxr-0.5.14.tgz",
      "integrity": "sha512-UEMMm/Xn3DtEa+gpzUrOcDj+SJS1tk5YodjwOxcqStNhCfPcwgyC5Srg2ToVKyg2Fhq16Ffpb0UWUQHqoT9AMA==",
      "peer": true
    },
    "node_modules/fflate": {
      "version": "0.6.10",
      "resolved": "https://registry.npmjs.org/fflate/-/fflate-0.6.10.tgz",
      "integrity": "sha512-IQrh3lEPM93wVCEczc9SaAOvkmcoQn/G8Bo1e8ZPlY3X3bnAxWaBdvTdvM1hP62iZp0BXWDy4vTAy4fF0+Dlpg==",
      "peer": true
    },
    "node_modules/maath": {
      "version": "0.10.7",
      "resolved": "https://registry.npmjs.org/maath/-/maath-0.10.7.tgz",
      "integrity": "sha512-zQ2xd7dNOIVTjAS+hj22fyj1EFYmOJX6tzKjZ92r6WDoq8hyFxjuGA2q950tmR4iC/EKXoMQdSipkaJVuUHDTg==",
      "peerDependencies": {
        "@types/three": ">=0.144.0",
        "three": ">=0.144.0"
      }
    },
    "node_modules/meshoptimizer": {
      "version": "0.18.1",
      "resolved": "https://registry.npmjs.org/meshoptimizer/-/meshoptimizer-0.18.1.tgz",
      "integrity": "sha512-ZhoIoL7TNV4s5B6+rx5mC//fw8/POGyNxS/DZyCJeiZ12ScLfVwRE/GfsxwiTkMYYD5DmK2/JXnEVXqL4rF+Sw==",
      "peer": true
    },
    "node_modules/prettier": {
      "version": "3.2.5",
      "resolved": "https://registry.npmjs.org/prettier/-/prettier-3.2.5.tgz",
      "integrity": "sha512-3/GWa9aOC0YeD7LUfvOG2NiDyhOWRvt1k+rcKhOuYnMY24iiCphgneUfJDyFXd6rZCAnuLBv6UeAULtrhT/F4A==",
      "dev": true,
      "peer": true,
      "bin": {
        "prettier": "bin/prettier.cjs"
      },
      "engines": {
        "node": ">=14"
      },
      "funding": {
        "url": "https://github.com/prettier/prettier?sponsor=1"
      }
    },
    "node_modules/prettier-plugin-tailwindcss": {
      "version": "0.5.11",
      "resolved": "https://registry.npmjs.org/prettier-plugin-tailwindcss/-/prettier-plugin-tailwindcss-0.5.11.tgz",
      "integrity": "sha512-AvI/DNyMctyyxGOjyePgi/gqj5hJYClZ1avtQvLlqMT3uDZkRbi4HhGUpok3DRzv9z7Lti85Kdj3s3/1CeNI0w==",
      "dev": true,
      "engines": {
        "node": ">=14.21.3"
      },
      "peerDependencies": {
        "@ianvs/prettier-plugin-sort-imports": "*",
        "@prettier/plugin-pug": "*",
        "@shopify/prettier-plugin-liquid": "*",
        "@trivago/prettier-plugin-sort-imports": "*",
        "prettier": "^3.0",
        "prettier-plugin-astro": "*",
        "prettier-plugin-css-order": "*",
        "prettier-plugin-import-sort": "*",
        "prettier-plugin-jsdoc": "*",
        "prettier-plugin-marko": "*",
        "prettier-plugin-organize-attributes": "*",
        "prettier-plugin-organize-imports": "*",
        "prettier-plugin-style-order": "*",
        "prettier-plugin-svelte": "*"
      },
      "peerDependenciesMeta": {
        "@ianvs/prettier-plugin-sort-imports": {
          "optional": true
        },
        "@prettier/plugin-pug": {
          "optional": true
        },
        "@shopify/prettier-plugin-liquid": {
          "optional": true
        },
        "@trivago/prettier-plugin-sort-imports": {
          "optional": true
        },
        "prettier-plugin-astro": {
          "optional": true
        },
        "prettier-plugin-css-order": {
          "optional": true
        },
        "prettier-plugin-import-sort": {
          "optional": true
        },
        "prettier-plugin-jsdoc": {
          "optional": true
        },
        "prettier-plugin-marko": {
          "optional": true
        },
        "prettier-plugin-organize-attributes": {
          "optional": true
        },
        "prettier-plugin-organize-imports": {
          "optional": true
        },
        "prettier-plugin-style-order": {
          "optional": true
        },
        "prettier-plugin-svelte": {
          "optional": true
        },
        "prettier-plugin-twig-melody": {
          "optional": true
        }
      }
    },
    "node_modules/three": {
      "version": "0.162.0",
      "resolved": "https://registry.npmjs.org/three/-/three-0.162.0.tgz",
      "integrity": "sha512-xfCYj4RnlozReCmUd+XQzj6/5OjDNHBy5nT6rVwrOKGENAvpXe2z1jL+DZYaMu4/9pNsjH/4Os/VvS9IrH7IOQ==",
      "peer": true
    }
  },
  "dependencies": {
    "@tweenjs/tween.js": {
      "version": "23.1.1",
      "resolved": "https://registry.npmjs.org/@tweenjs/tween.js/-/tween.js-23.1.1.tgz",
      "integrity": "sha512-ZpboH7pCPPeyBWKf8c7TJswtCEQObFo3bOBYalm99NzZarATALYCo5OhbCa/n4RQyJyHfhkdx+hNrdL5ByFYDw==",
      "peer": true
    },
    "@types/stats.js": {
      "version": "0.17.3",
      "resolved": "https://registry.npmjs.org/@types/stats.js/-/stats.js-0.17.3.tgz",
      "integrity": "sha512-pXNfAD3KHOdif9EQXZ9deK82HVNaXP5ZIF5RP2QG6OQFNTaY2YIetfrE9t528vEreGQvEPRDDc8muaoYeK0SxQ==",
      "peer": true
    },
    "@types/three": {
      "version": "0.162.0",
      "resolved": "https://registry.npmjs.org/@types/three/-/three-0.162.0.tgz",
      "integrity": "sha512-0j5yZcVukVIhrhSIC7+LmBPkkMoMuEJ1AfYBZfgNytdYqYREMuiyXWhYOMeZLBElTEAlJIZn7r2W3vqTIgjWlg==",
      "peer": true,
      "requires": {
        "@tweenjs/tween.js": "~23.1.1",
        "@types/stats.js": "*",
        "@types/webxr": "*",
        "fflate": "~0.6.10",
        "meshoptimizer": "~0.18.1"
      }
    },
    "@types/webxr": {
      "version": "0.5.14",
      "resolved": "https://registry.npmjs.org/@types/webxr/-/webxr-0.5.14.tgz",
      "integrity": "sha512-UEMMm/Xn3DtEa+gpzUrOcDj+SJS1tk5YodjwOxcqStNhCfPcwgyC5Srg2ToVKyg2Fhq16Ffpb0UWUQHqoT9AMA==",
      "peer": true
    },
    "fflate": {
      "version": "0.6.10",
      "resolved": "https://registry.npmjs.org/fflate/-/fflate-0.6.10.tgz",
      "integrity": "sha512-IQrh3lEPM93wVCEczc9SaAOvkmcoQn/G8Bo1e8ZPlY3X3bnAxWaBdvTdvM1hP62iZp0BXWDy4vTAy4fF0+Dlpg==",
      "peer": true
    },
    "maath": {
      "version": "0.10.7",
      "resolved": "https://registry.npmjs.org/maath/-/maath-0.10.7.tgz",
      "integrity": "sha512-zQ2xd7dNOIVTjAS+hj22fyj1EFYmOJX6tzKjZ92r6WDoq8hyFxjuGA2q950tmR4iC/EKXoMQdSipkaJVuUHDTg==",
      "requires": {}
    },
    "meshoptimizer": {
      "version": "0.18.1",
      "resolved": "https://registry.npmjs.org/meshoptimizer/-/meshoptimizer-0.18.1.tgz",
      "integrity": "sha512-ZhoIoL7TNV4s5B6+rx5mC//fw8/POGyNxS/DZyCJeiZ12ScLfVwRE/GfsxwiTkMYYD5DmK2/JXnEVXqL4rF+Sw==",
      "peer": true
    },
    "prettier": {
      "version": "3.2.5",
      "resolved": "https://registry.npmjs.org/prettier/-/prettier-3.2.5.tgz",
      "integrity": "sha512-3/GWa9aOC0YeD7LUfvOG2NiDyhOWRvt1k+rcKhOuYnMY24iiCphgneUfJDyFXd6rZCAnuLBv6UeAULtrhT/F4A==",
      "dev": true,
      "peer": true
    },
    "prettier-plugin-tailwindcss": {
      "version": "0.5.11",
      "resolved": "https://registry.npmjs.org/prettier-plugin-tailwindcss/-/prettier-plugin-tailwindcss-0.5.11.tgz",
      "integrity": "sha512-AvI/DNyMctyyxGOjyePgi/gqj5hJYClZ1avtQvLlqMT3uDZkRbi4HhGUpok3DRzv9z7Lti85Kdj3s3/1CeNI0w==",
      "dev": true,
      "requires": {}
    },
    "three": {
      "version": "0.162.0",
      "resolved": "https://registry.npmjs.org/three/-/three-0.162.0.tgz",
      "integrity": "sha512-xfCYj4RnlozReCmUd+XQzj6/5OjDNHBy5nT6rVwrOKGENAvpXe2z1jL+DZYaMu4/9pNsjH/4Os/VvS9IrH7IOQ==",
      "peer": true
    }
  }
}
